<?xml version="1.0" encoding="UTF-8"?>
<CodeBlocks_project_file>
	<FileVersion major="1" minor="6"/>
	<Project>
		<Option title="treasure_hunt_server"/>
		<Option makefile_is_custom="1"/>
		<Option compiler="gcc"/>
		<Option virtualFolders="CMake Files\;"/>
		<Build>
			<Target title="all">
				<Option working_dir="/home/ecn/Treasure_Hunt-1702/build-Treasure_Hunt-Desktop-Debug"/>
				<Option type="4"/>
				<MakeCommands>
					<Build command="/usr/bin/make -j2 -f &quot;/home/ecn/Treasure_Hunt-1702/build-Treasure_Hunt-Desktop-Debug/Makefile&quot;  VERBOSE=1 all"/>
					<CompileFile command="/usr/bin/make -j2 -f &quot;/home/ecn/Treasure_Hunt-1702/build-Treasure_Hunt-Desktop-Debug/Makefile&quot;  VERBOSE=1 &quot;$file&quot;"/>
					<Clean command="/usr/bin/make -j2 -f &quot;/home/ecn/Treasure_Hunt-1702/build-Treasure_Hunt-Desktop-Debug/Makefile&quot;  VERBOSE=1 clean"/>
					<DistClean command="/usr/bin/make -j2 -f &quot;/home/ecn/Treasure_Hunt-1702/build-Treasure_Hunt-Desktop-Debug/Makefile&quot;  VERBOSE=1 clean"/>
				</MakeCommands>
			</Target>
			<Target title="install/local">
				<Option working_dir="/home/ecn/Treasure_Hunt-1702/build-Treasure_Hunt-Desktop-Debug"/>
				<Option type="4"/>
				<MakeCommands>
					<Build command="/usr/bin/make -j2 -f &quot;/home/ecn/Treasure_Hunt-1702/build-Treasure_Hunt-Desktop-Debug/Makefile&quot;  VERBOSE=1 install/local"/>
					<CompileFile command="/usr/bin/make -j2 -f &quot;/home/ecn/Treasure_Hunt-1702/build-Treasure_Hunt-Desktop-Debug/Makefile&quot;  VERBOSE=1 &quot;$file&quot;"/>
					<Clean command="/usr/bin/make -j2 -f &quot;/home/ecn/Treasure_Hunt-1702/build-Treasure_Hunt-Desktop-Debug/Makefile&quot;  VERBOSE=1 clean"/>
					<DistClean command="/usr/bin/make -j2 -f &quot;/home/ecn/Treasure_Hunt-1702/build-Treasure_Hunt-Desktop-Debug/Makefile&quot;  VERBOSE=1 clean"/>
				</MakeCommands>
			</Target>
			<Target title="install">
				<Option working_dir="/home/ecn/Treasure_Hunt-1702/build-Treasure_Hunt-Desktop-Debug"/>
				<Option type="4"/>
				<MakeCommands>
					<Build command="/usr/bin/make -j2 -f &quot;/home/ecn/Treasure_Hunt-1702/build-Treasure_Hunt-Desktop-Debug/Makefile&quot;  VERBOSE=1 install"/>
					<CompileFile command="/usr/bin/make -j2 -f &quot;/home/ecn/Treasure_Hunt-1702/build-Treasure_Hunt-Desktop-Debug/Makefile&quot;  VERBOSE=1 &quot;$file&quot;"/>
					<Clean command="/usr/bin/make -j2 -f &quot;/home/ecn/Treasure_Hunt-1702/build-Treasure_Hunt-Desktop-Debug/Makefile&quot;  VERBOSE=1 clean"/>
					<DistClean command="/usr/bin/make -j2 -f &quot;/home/ecn/Treasure_Hunt-1702/build-Treasure_Hunt-Desktop-Debug/Makefile&quot;  VERBOSE=1 clean"/>
				</MakeCommands>
			</Target>
			<Target title="list_install_components">
				<Option working_dir="/home/ecn/Treasure_Hunt-1702/build-Treasure_Hunt-Desktop-Debug"/>
				<Option type="4"/>
				<MakeCommands>
					<Build command="/usr/bin/make -j2 -f &quot;/home/ecn/Treasure_Hunt-1702/build-Treasure_Hunt-Desktop-Debug/Makefile&quot;  VERBOSE=1 list_install_components"/>
					<CompileFile command="/usr/bin/make -j2 -f &quot;/home/ecn/Treasure_Hunt-1702/build-Treasure_Hunt-Desktop-Debug/Makefile&quot;  VERBOSE=1 &quot;$file&quot;"/>
					<Clean command="/usr/bin/make -j2 -f &quot;/home/ecn/Treasure_Hunt-1702/build-Treasure_Hunt-Desktop-Debug/Makefile&quot;  VERBOSE=1 clean"/>
					<DistClean command="/usr/bin/make -j2 -f &quot;/home/ecn/Treasure_Hunt-1702/build-Treasure_Hunt-Desktop-Debug/Makefile&quot;  VERBOSE=1 clean"/>
				</MakeCommands>
			</Target>
			<Target title="rebuild_cache">
				<Option working_dir="/home/ecn/Treasure_Hunt-1702/build-Treasure_Hunt-Desktop-Debug"/>
				<Option type="4"/>
				<MakeCommands>
					<Build command="/usr/bin/make -j2 -f &quot;/home/ecn/Treasure_Hunt-1702/build-Treasure_Hunt-Desktop-Debug/Makefile&quot;  VERBOSE=1 rebuild_cache"/>
					<CompileFile command="/usr/bin/make -j2 -f &quot;/home/ecn/Treasure_Hunt-1702/build-Treasure_Hunt-Desktop-Debug/Makefile&quot;  VERBOSE=1 &quot;$file&quot;"/>
					<Clean command="/usr/bin/make -j2 -f &quot;/home/ecn/Treasure_Hunt-1702/build-Treasure_Hunt-Desktop-Debug/Makefile&quot;  VERBOSE=1 clean"/>
					<DistClean command="/usr/bin/make -j2 -f &quot;/home/ecn/Treasure_Hunt-1702/build-Treasure_Hunt-Desktop-Debug/Makefile&quot;  VERBOSE=1 clean"/>
				</MakeCommands>
			</Target>
			<Target title="edit_cache">
				<Option working_dir="/home/ecn/Treasure_Hunt-1702/build-Treasure_Hunt-Desktop-Debug"/>
				<Option type="4"/>
				<MakeCommands>
					<Build command="/usr/bin/make -j2 -f &quot;/home/ecn/Treasure_Hunt-1702/build-Treasure_Hunt-Desktop-Debug/Makefile&quot;  VERBOSE=1 edit_cache"/>
					<CompileFile command="/usr/bin/make -j2 -f &quot;/home/ecn/Treasure_Hunt-1702/build-Treasure_Hunt-Desktop-Debug/Makefile&quot;  VERBOSE=1 &quot;$file&quot;"/>
					<Clean command="/usr/bin/make -j2 -f &quot;/home/ecn/Treasure_Hunt-1702/build-Treasure_Hunt-Desktop-Debug/Makefile&quot;  VERBOSE=1 clean"/>
					<DistClean command="/usr/bin/make -j2 -f &quot;/home/ecn/Treasure_Hunt-1702/build-Treasure_Hunt-Desktop-Debug/Makefile&quot;  VERBOSE=1 clean"/>
				</MakeCommands>
			</Target>
			<Target title="install/strip">
				<Option working_dir="/home/ecn/Treasure_Hunt-1702/build-Treasure_Hunt-Desktop-Debug"/>
				<Option type="4"/>
				<MakeCommands>
					<Build command="/usr/bin/make -j2 -f &quot;/home/ecn/Treasure_Hunt-1702/build-Treasure_Hunt-Desktop-Debug/Makefile&quot;  VERBOSE=1 install/strip"/>
					<CompileFile command="/usr/bin/make -j2 -f &quot;/home/ecn/Treasure_Hunt-1702/build-Treasure_Hunt-Desktop-Debug/Makefile&quot;  VERBOSE=1 &quot;$file&quot;"/>
					<Clean command="/usr/bin/make -j2 -f &quot;/home/ecn/Treasure_Hunt-1702/build-Treasure_Hunt-Desktop-Debug/Makefile&quot;  VERBOSE=1 clean"/>
					<DistClean command="/usr/bin/make -j2 -f &quot;/home/ecn/Treasure_Hunt-1702/build-Treasure_Hunt-Desktop-Debug/Makefile&quot;  VERBOSE=1 clean"/>
				</MakeCommands>
			</Target>
			<Target title="treasure_hunt_server">
				<Option output="/home/ecn/Treasure_Hunt-1702/build-Treasure_Hunt-Desktop-Debug/treasure_hunt_server" prefix_auto="0" extension_auto="0"/>
				<Option working_dir="/home/ecn/Treasure_Hunt-1702/build-Treasure_Hunt-Desktop-Debug"/>
				<Option object_output="./"/>
				<Option type="1"/>
				<Option compiler="gcc"/>
				<Compiler>
					<Add option="-DDUELS_BIN_PATH=&quot;/opt/duels/bin&quot;"/>
					<Add option="-DGAME_SOURCE_DIR=&quot;/home/ecn/Treasure_Hunt-1702/Treasure_Hunt&quot;"/>
					<Add directory="/home/ecn/Treasure_Hunt-1702/Treasure_Hunt/include"/>
					<Add directory="/opt/duels/include"/>
					<Add directory="/usr/include"/>
					<Add directory="/usr/include/c++/9"/>
					<Add directory="/usr/include/x86_64-linux-gnu/c++/9"/>
					<Add directory="/usr/include/c++/9/backward"/>
					<Add directory="/usr/lib/gcc/x86_64-linux-gnu/9/include"/>
					<Add directory="/usr/local/include"/>
					<Add directory="/usr/include/x86_64-linux-gnu"/>
				</Compiler>
				<MakeCommands>
					<Build command="/usr/bin/make -j2 -f &quot;/home/ecn/Treasure_Hunt-1702/build-Treasure_Hunt-Desktop-Debug/Makefile&quot;  VERBOSE=1 treasure_hunt_server"/>
					<CompileFile command="/usr/bin/make -j2 -f &quot;/home/ecn/Treasure_Hunt-1702/build-Treasure_Hunt-Desktop-Debug/Makefile&quot;  VERBOSE=1 &quot;$file&quot;"/>
					<Clean command="/usr/bin/make -j2 -f &quot;/home/ecn/Treasure_Hunt-1702/build-Treasure_Hunt-Desktop-Debug/Makefile&quot;  VERBOSE=1 clean"/>
					<DistClean command="/usr/bin/make -j2 -f &quot;/home/ecn/Treasure_Hunt-1702/build-Treasure_Hunt-Desktop-Debug/Makefile&quot;  VERBOSE=1 clean"/>
				</MakeCommands>
			</Target>
			<Target title="treasure_hunt_server/fast">
				<Option output="/home/ecn/Treasure_Hunt-1702/build-Treasure_Hunt-Desktop-Debug/treasure_hunt_server" prefix_auto="0" extension_auto="0"/>
				<Option working_dir="/home/ecn/Treasure_Hunt-1702/build-Treasure_Hunt-Desktop-Debug"/>
				<Option object_output="./"/>
				<Option type="1"/>
				<Option compiler="gcc"/>
				<Compiler>
					<Add option="-DDUELS_BIN_PATH=&quot;/opt/duels/bin&quot;"/>
					<Add option="-DGAME_SOURCE_DIR=&quot;/home/ecn/Treasure_Hunt-1702/Treasure_Hunt&quot;"/>
					<Add directory="/home/ecn/Treasure_Hunt-1702/Treasure_Hunt/include"/>
					<Add directory="/opt/duels/include"/>
					<Add directory="/usr/include"/>
					<Add directory="/usr/include/c++/9"/>
					<Add directory="/usr/include/x86_64-linux-gnu/c++/9"/>
					<Add directory="/usr/include/c++/9/backward"/>
					<Add directory="/usr/lib/gcc/x86_64-linux-gnu/9/include"/>
					<Add directory="/usr/local/include"/>
					<Add directory="/usr/include/x86_64-linux-gnu"/>
				</Compiler>
				<MakeCommands>
					<Build command="/usr/bin/make -j2 -f &quot;/home/ecn/Treasure_Hunt-1702/build-Treasure_Hunt-Desktop-Debug/Makefile&quot;  VERBOSE=1 treasure_hunt_server/fast"/>
					<CompileFile command="/usr/bin/make -j2 -f &quot;/home/ecn/Treasure_Hunt-1702/build-Treasure_Hunt-Desktop-Debug/Makefile&quot;  VERBOSE=1 &quot;$file&quot;"/>
					<Clean command="/usr/bin/make -j2 -f &quot;/home/ecn/Treasure_Hunt-1702/build-Treasure_Hunt-Desktop-Debug/Makefile&quot;  VERBOSE=1 clean"/>
					<DistClean command="/usr/bin/make -j2 -f &quot;/home/ecn/Treasure_Hunt-1702/build-Treasure_Hunt-Desktop-Debug/Makefile&quot;  VERBOSE=1 clean"/>
				</MakeCommands>
			</Target>
		</Build>
		<Unit filename="/home/ecn/Treasure_Hunt-1702/Treasure_Hunt/Boat_game.cpp">
			<Option target="treasure_hunt_server"/>
		</Unit>
		<Unit filename="/home/ecn/Treasure_Hunt-1702/Treasure_Hunt/Boat_game.h">
			<Option target="treasure_hunt_server"/>
		</Unit>
		<Unit filename="/home/ecn/Treasure_Hunt-1702/Treasure_Hunt/server.cpp">
			<Option target="treasure_hunt_server"/>
		</Unit>
		<Unit filename="/home/ecn/Treasure_Hunt-1702/Treasure_Hunt/CMakeLists.txt">
			<Option virtualFolder="CMake Files\"/>
		</Unit>
	</Project>
</CodeBlocks_project_file>
